
Microsoft Visual Studio Solution File, Format Version 12.00
# Visual Studio 2012
Project("{FAE04EC0-301F-11D3-BF4B-00C04F79EFBC}") = "ShowPass", "ShowPass\ShowPass.csproj", "{F1F42EB5-CB14-49E9-9F90-66A3B2CA1F0F}"
EndProject
Project("{FAE04EC0-301F-11D3-BF4B-00C04F79EFBC}") = "ShowPass.iOS", "iOS\ShowPass.iOS.csproj", "{7038755C-7451-48E5-8932-75FB892D7FB0}"
EndProject
Project("{FAE04EC0-301F-11D3-BF4B-00C04F79EFBC}") = "ShowPass.Droid", "Droid\ShowPass.Droid.csproj", "{54E51C06-1D27-4EC6-86C2-55CEF6DFADCF}"
EndProject
Global
	GlobalSection(SolutionConfigurationPlatforms) = preSolution
		Debug|Any CPU = Debug|Any CPU
		Release|Any CPU = Release|Any CPU
		Debug|iPhoneSimulator = Debug|iPhoneSimulator
		Release|iPhone = Release|iPhone
		Release|iPhoneSimulator = Release|iPhoneSimulator
		Debug|iPhone = Debug|iPhone
	EndGlobalSection
	GlobalSection(ProjectConfigurationPlatforms) = postSolution
		{F1F42EB5-CB14-49E9-9F90-66A3B2CA1F0F}.Debug|Any CPU.ActiveCfg = Debug|Any CPU
		{F1F42EB5-CB14-49E9-9F90-66A3B2CA1F0F}.Debug|Any CPU.Build.0 = Debug|Any CPU
		{F1F42EB5-CB14-49E9-9F90-66A3B2CA1F0F}.Release|Any CPU.ActiveCfg = Release|Any CPU
		{F1F42EB5-CB14-49E9-9F90-66A3B2CA1F0F}.Release|Any CPU.Build.0 = Release|Any CPU
		{F1F42EB5-CB14-49E9-9F90-66A3B2CA1F0F}.Debug|iPhoneSimulator.ActiveCfg = Debug|Any CPU
		{F1F42EB5-CB14-49E9-9F90-66A3B2CA1F0F}.Debug|iPhoneSimulator.Build.0 = Debug|Any CPU
		{F1F42EB5-CB14-49E9-9F90-66A3B2CA1F0F}.Release|iPhone.ActiveCfg = Release|Any CPU
		{F1F42EB5-CB14-49E9-9F90-66A3B2CA1F0F}.Release|iPhone.Build.0 = Release|Any CPU
		{F1F42EB5-CB14-49E9-9F90-66A3B2CA1F0F}.Release|iPhoneSimulator.ActiveCfg = Release|Any CPU
		{F1F42EB5-CB14-49E9-9F90-66A3B2CA1F0F}.Release|iPhoneSimulator.Build.0 = Release|Any CPU
		{F1F42EB5-CB14-49E9-9F90-66A3B2CA1F0F}.Debug|iPhone.ActiveCfg = Debug|Any CPU
		{F1F42EB5-CB14-49E9-9F90-66A3B2CA1F0F}.Debug|iPhone.Build.0 = Debug|Any CPU
		{7038755C-7451-48E5-8932-75FB892D7FB0}.Debug|Any CPU.ActiveCfg = Debug|iPhoneSimulator
		{7038755C-7451-48E5-8932-75FB892D7FB0}.Debug|Any CPU.Build.0 = Debug|iPhoneSimulator
		{7038755C-7451-48E5-8932-75FB892D7FB0}.Release|Any CPU.ActiveCfg = Release|iPhone
		{7038755C-7451-48E5-8932-75FB892D7FB0}.Release|Any CPU.Build.0 = Release|iPhone
		{7038755C-7451-48E5-8932-75FB892D7FB0}.Debug|iPhoneSimulator.ActiveCfg = Debug|iPhoneSimulator
		{7038755C-7451-48E5-8932-75FB892D7FB0}.Debug|iPhoneSimulator.Build.0 = Debug|iPhoneSimulator
		{7038755C-7451-48E5-8932-75FB892D7FB0}.Release|iPhone.ActiveCfg = Release|iPhone
		{7038755C-7451-48E5-8932-75FB892D7FB0}.Release|iPhone.Build.0 = Release|iPhone
		{7038755C-7451-48E5-8932-75FB892D7FB0}.Release|iPhoneSimulator.ActiveCfg = Release|iPhoneSimulator
		{7038755C-7451-48E5-8932-75FB892D7FB0}.Release|iPhoneSimulator.Build.0 = Release|iPhoneSimulator
		{7038755C-7451-48E5-8932-75FB892D7FB0}.Debug|iPhone.ActiveCfg = Debug|iPhone
		{7038755C-7451-48E5-8932-75FB892D7FB0}.Debug|iPhone.Build.0 = Debug|iPhone
		{54E51C06-1D27-4EC6-86C2-55CEF6DFADCF}.Debug|Any CPU.ActiveCfg = Debug|Any CPU
		{54E51C06-1D27-4EC6-86C2-55CEF6DFADCF}.Debug|Any CPU.Build.0 = Debug|Any CPU
		{54E51C06-1D27-4EC6-86C2-55CEF6DFADCF}.Release|Any CPU.ActiveCfg = Release|Any CPU
		{54E51C06-1D27-4EC6-86C2-55CEF6DFADCF}.Release|Any CPU.Build.0 = Release|Any CPU
		{54E51C06-1D27-4EC6-86C2-55CEF6DFADCF}.Debug|iPhoneSimulator.ActiveCfg = Debug|Any CPU
		{54E51C06-1D27-4EC6-86C2-55CEF6DFADCF}.Debug|iPhoneSimulator.Build.0 = Debug|Any CPU
		{54E51C06-1D27-4EC6-86C2-55CEF6DFADCF}.Release|iPhone.ActiveCfg = Release|Any CPU
		{54E51C06-1D27-4EC6-86C2-55CEF6DFADCF}.Release|iPhone.Build.0 = Release|Any CPU
		{54E51C06-1D27-4EC6-86C2-55CEF6DFADCF}.Release|iPhoneSimulator.ActiveCfg = Release|Any CPU
		{54E51C06-1D27-4EC6-86C2-55CEF6DFADCF}.Release|iPhoneSimulator.Build.0 = Release|Any CPU
		{54E51C06-1D27-4EC6-86C2-55CEF6DFADCF}.Debug|iPhone.ActiveCfg = Debug|Any CPU
		{54E51C06-1D27-4EC6-86C2-55CEF6DFADCF}.Debug|iPhone.Build.0 = Debug|Any CPU
	EndGlobalSection
EndGlobal
